
Microsoft Visual Studio Solution File, Format Version 12.00
# Visual Studio Version 17
VisualStudioVersion = 17.14.36301.6 d17.14
MinimumVisualStudioVersion = 10.0.40219.1
Project("{FAE04EC0-301F-11D3-BF4B-00C04F79EFBC}") = "loginUser", "loginUser\loginUser.csproj", "{1F879E2D-7FDB-42C4-A2AA-4B44ED9C9981}"
EndProject
Global
	GlobalSection(SolutionConfigurationPlatforms) = preSolution
		Debug|Any CPU = Debug|Any CPU
		Release|Any CPU = Release|Any CPU
	EndGlobalSection
	GlobalSection(ProjectConfigurationPlatforms) = postSolution
		{1F879E2D-7FDB-42C4-A2AA-4B44ED9C9981}.Debug|Any CPU.ActiveCfg = Debug|Any CPU
		{1F879E2D-7FDB-42C4-A2AA-4B44ED9C9981}.Debug|Any CPU.Build.0 = Debug|Any CPU
		{1F879E2D-7FDB-42C4-A2AA-4B44ED9C9981}.Release|Any CPU.ActiveCfg = Release|Any CPU
		{1F879E2D-7FDB-42C4-A2AA-4B44ED9C9981}.Release|Any CPU.Build.0 = Release|Any CPU
	EndGlobalSection
	GlobalSection(SolutionProperties) = preSolution
		HideSolutionNode = FALSE
	EndGlobalSection
	GlobalSection(ExtensibilityGlobals) = postSolution
		SolutionGuid = {209F1A02-0F5B-4D64-A279-955329FFE93A}
	EndGlobalSection
EndGlobal
